{
  "name": "cdktf-vpc-example",
  "version": "1.0.0",
  "lockfileVersion": 1,
  "requires": true,
  "dependencies": {
    "@types/node": {
      "version": "14.0.23",
      "resolved": "https://registry.npmjs.org/@types/node/-/node-14.0.23.tgz",
      "integrity": "sha512-Z4U8yDAl5TFkmYsZdFPdjeMa57NOvnaf1tljHzhouaPEp7LCj2JKkejpI1ODviIAQuW4CcQmxkQ77rnLsOOoKw==",
      "dev": true
    },
    "cdktf": {
      "version": "0.0.11",
      "resolved": "https://registry.npmjs.org/cdktf/-/cdktf-0.0.11.tgz",
      "integrity": "sha512-tC9xzKKJLOcBwiqK1uQYXOxCIlwPEcu+QLmXNno4RPXaSB4uKOZh5Jjfd/lhUGcndjBIruFHmQnAE0GdiZY24Q==",
      "requires": {
        "json-stable-stringify": "^1.0.1"
      },
      "dependencies": {
        "json-stable-stringify": {
          "version": "1.0.1",
          "bundled": true,
          "requires": {
            "jsonify": "~0.0.0"
          }
        },
        "jsonify": {
          "version": "0.0.0",
          "bundled": true
        }
      }
    },
    "constructs": {
      "version": "3.0.4",
      "resolved": "https://registry.npmjs.org/constructs/-/constructs-3.0.4.tgz",
      "integrity": "sha512-CDvg7gMjphE3DFX4pzkF6j73NREbR8npPFW8Mx/CLRnMR035+Y1o1HrXIsNSss/dq3ZUnNTU9jKyd3fL9EOlfw=="
    }
  }
}
